
Microsoft Visual Studio Solution File, Format Version 12.00
Project("{FAE04EC0-301F-11D3-BF4B-00C04F79EFBC}") = "CancellingTasks", "CancellingTasks\CancellingTasks.csproj", "{3C0FE639-2EB7-458D-A165-F51163D73301}"
EndProject
Project("{FAE04EC0-301F-11D3-BF4B-00C04F79EFBC}") = "CompositeCancellingTasks", "CompositeCancellingTasks\CompositeCancellingTasks.csproj", "{BB3A8202-0575-405C-9200-FCCFEFA87A23}"
EndProject
Project("{FAE04EC0-301F-11D3-BF4B-00C04F79EFBC}") = "CreatingAndStartingTasks", "Creating and Starting Tasks\CreatingAndStartingTasks.csproj", "{2E2C43E2-9120-4A5D-BD5B-99E88E73D328}"
EndProject
Project("{FAE04EC0-301F-11D3-BF4B-00C04F79EFBC}") = "WaitingForTimeToPass", "WaitingForTimeToPass\WaitingForTimeToPass.csproj", "{D4E98138-4DD1-4570-A766-6A1A42E9F295}"
EndProject
Project("{FAE04EC0-301F-11D3-BF4B-00C04F79EFBC}") = "WaitingForTasks", "WaitingForTasks\WaitingForTasks.csproj", "{23E5948D-BAF5-4689-9E4C-BC2560D1F40E}"
EndProject
Project("{FAE04EC0-301F-11D3-BF4B-00C04F79EFBC}") = "ExceptionHandling", "ExceptionHandling\ExceptionHandling.csproj", "{2C481EAA-6F98-4980-BBE9-E2CDD9D8CF7C}"
EndProject
Project("{2150E333-8FDC-42A3-9474-1A3956D46DE8}") = "TaskProgramming", "TaskProgramming", "{84F6640D-F913-4417-A73C-14C96AF177CC}"
EndProject
Project("{2150E333-8FDC-42A3-9474-1A3956D46DE8}") = "DataSharingAndSynchronisation", "DataSharingAndSynchronisation", "{B7F682DD-BC02-409B-951C-F2E62B5CC74F}"
EndProject
Project("{FAE04EC0-301F-11D3-BF4B-00C04F79EFBC}") = "CriticalSections", "CriticalSections\CriticalSections.csproj", "{1905E231-E276-4DF2-AFE9-5B5DB7EDE5A7}"
EndProject
Project("{FAE04EC0-301F-11D3-BF4B-00C04F79EFBC}") = "InterlockedOperations", "InterlockedOperations\InterlockedOperations.csproj", "{674EAC0D-9F0D-4803-8E37-3A1E934C9BBD}"
EndProject
Project("{FAE04EC0-301F-11D3-BF4B-00C04F79EFBC}") = "SpinLockingAndLockRecursion", "SpinLockingAndLockRecursion\SpinLockingAndLockRecursion.csproj", "{3B5EA4D4-0938-41AB-83D4-B86E750063A5}"
EndProject
Project("{FAE04EC0-301F-11D3-BF4B-00C04F79EFBC}") = "Mutex", "Mutex\Mutex.csproj", "{77EF259D-3850-4E92-929B-3AFE1457DF23}"
EndProject
Global
	GlobalSection(SolutionConfigurationPlatforms) = preSolution
		Debug|Any CPU = Debug|Any CPU
		Release|Any CPU = Release|Any CPU
	EndGlobalSection
	GlobalSection(ProjectConfigurationPlatforms) = postSolution
		{3C0FE639-2EB7-458D-A165-F51163D73301}.Debug|Any CPU.ActiveCfg = Debug|Any CPU
		{3C0FE639-2EB7-458D-A165-F51163D73301}.Debug|Any CPU.Build.0 = Debug|Any CPU
		{3C0FE639-2EB7-458D-A165-F51163D73301}.Release|Any CPU.ActiveCfg = Release|Any CPU
		{3C0FE639-2EB7-458D-A165-F51163D73301}.Release|Any CPU.Build.0 = Release|Any CPU
		{BB3A8202-0575-405C-9200-FCCFEFA87A23}.Debug|Any CPU.ActiveCfg = Debug|Any CPU
		{BB3A8202-0575-405C-9200-FCCFEFA87A23}.Debug|Any CPU.Build.0 = Debug|Any CPU
		{BB3A8202-0575-405C-9200-FCCFEFA87A23}.Release|Any CPU.ActiveCfg = Release|Any CPU
		{BB3A8202-0575-405C-9200-FCCFEFA87A23}.Release|Any CPU.Build.0 = Release|Any CPU
		{2E2C43E2-9120-4A5D-BD5B-99E88E73D328}.Debug|Any CPU.ActiveCfg = Debug|Any CPU
		{2E2C43E2-9120-4A5D-BD5B-99E88E73D328}.Debug|Any CPU.Build.0 = Debug|Any CPU
		{2E2C43E2-9120-4A5D-BD5B-99E88E73D328}.Release|Any CPU.ActiveCfg = Release|Any CPU
		{2E2C43E2-9120-4A5D-BD5B-99E88E73D328}.Release|Any CPU.Build.0 = Release|Any CPU
		{D4E98138-4DD1-4570-A766-6A1A42E9F295}.Debug|Any CPU.ActiveCfg = Debug|Any CPU
		{D4E98138-4DD1-4570-A766-6A1A42E9F295}.Debug|Any CPU.Build.0 = Debug|Any CPU
		{D4E98138-4DD1-4570-A766-6A1A42E9F295}.Release|Any CPU.ActiveCfg = Release|Any CPU
		{D4E98138-4DD1-4570-A766-6A1A42E9F295}.Release|Any CPU.Build.0 = Release|Any CPU
		{23E5948D-BAF5-4689-9E4C-BC2560D1F40E}.Debug|Any CPU.ActiveCfg = Debug|Any CPU
		{23E5948D-BAF5-4689-9E4C-BC2560D1F40E}.Debug|Any CPU.Build.0 = Debug|Any CPU
		{23E5948D-BAF5-4689-9E4C-BC2560D1F40E}.Release|Any CPU.ActiveCfg = Release|Any CPU
		{23E5948D-BAF5-4689-9E4C-BC2560D1F40E}.Release|Any CPU.Build.0 = Release|Any CPU
		{2C481EAA-6F98-4980-BBE9-E2CDD9D8CF7C}.Debug|Any CPU.ActiveCfg = Debug|Any CPU
		{2C481EAA-6F98-4980-BBE9-E2CDD9D8CF7C}.Debug|Any CPU.Build.0 = Debug|Any CPU
		{2C481EAA-6F98-4980-BBE9-E2CDD9D8CF7C}.Release|Any CPU.ActiveCfg = Release|Any CPU
		{2C481EAA-6F98-4980-BBE9-E2CDD9D8CF7C}.Release|Any CPU.Build.0 = Release|Any CPU
		{1905E231-E276-4DF2-AFE9-5B5DB7EDE5A7}.Debug|Any CPU.ActiveCfg = Debug|Any CPU
		{1905E231-E276-4DF2-AFE9-5B5DB7EDE5A7}.Debug|Any CPU.Build.0 = Debug|Any CPU
		{1905E231-E276-4DF2-AFE9-5B5DB7EDE5A7}.Release|Any CPU.ActiveCfg = Release|Any CPU
		{1905E231-E276-4DF2-AFE9-5B5DB7EDE5A7}.Release|Any CPU.Build.0 = Release|Any CPU
		{674EAC0D-9F0D-4803-8E37-3A1E934C9BBD}.Debug|Any CPU.ActiveCfg = Debug|Any CPU
		{674EAC0D-9F0D-4803-8E37-3A1E934C9BBD}.Debug|Any CPU.Build.0 = Debug|Any CPU
		{674EAC0D-9F0D-4803-8E37-3A1E934C9BBD}.Release|Any CPU.ActiveCfg = Release|Any CPU
		{674EAC0D-9F0D-4803-8E37-3A1E934C9BBD}.Release|Any CPU.Build.0 = Release|Any CPU
		{3B5EA4D4-0938-41AB-83D4-B86E750063A5}.Debug|Any CPU.ActiveCfg = Debug|Any CPU
		{3B5EA4D4-0938-41AB-83D4-B86E750063A5}.Debug|Any CPU.Build.0 = Debug|Any CPU
		{3B5EA4D4-0938-41AB-83D4-B86E750063A5}.Release|Any CPU.ActiveCfg = Release|Any CPU
		{3B5EA4D4-0938-41AB-83D4-B86E750063A5}.Release|Any CPU.Build.0 = Release|Any CPU
		{77EF259D-3850-4E92-929B-3AFE1457DF23}.Debug|Any CPU.ActiveCfg = Debug|Any CPU
		{77EF259D-3850-4E92-929B-3AFE1457DF23}.Debug|Any CPU.Build.0 = Debug|Any CPU
		{77EF259D-3850-4E92-929B-3AFE1457DF23}.Release|Any CPU.ActiveCfg = Release|Any CPU
		{77EF259D-3850-4E92-929B-3AFE1457DF23}.Release|Any CPU.Build.0 = Release|Any CPU
	EndGlobalSection
	GlobalSection(NestedProjects) = preSolution
		{3C0FE639-2EB7-458D-A165-F51163D73301} = {84F6640D-F913-4417-A73C-14C96AF177CC}
		{BB3A8202-0575-405C-9200-FCCFEFA87A23} = {84F6640D-F913-4417-A73C-14C96AF177CC}
		{2E2C43E2-9120-4A5D-BD5B-99E88E73D328} = {84F6640D-F913-4417-A73C-14C96AF177CC}
		{2C481EAA-6F98-4980-BBE9-E2CDD9D8CF7C} = {84F6640D-F913-4417-A73C-14C96AF177CC}
		{23E5948D-BAF5-4689-9E4C-BC2560D1F40E} = {84F6640D-F913-4417-A73C-14C96AF177CC}
		{D4E98138-4DD1-4570-A766-6A1A42E9F295} = {84F6640D-F913-4417-A73C-14C96AF177CC}
		{1905E231-E276-4DF2-AFE9-5B5DB7EDE5A7} = {B7F682DD-BC02-409B-951C-F2E62B5CC74F}
		{674EAC0D-9F0D-4803-8E37-3A1E934C9BBD} = {B7F682DD-BC02-409B-951C-F2E62B5CC74F}
		{3B5EA4D4-0938-41AB-83D4-B86E750063A5} = {B7F682DD-BC02-409B-951C-F2E62B5CC74F}
		{77EF259D-3850-4E92-929B-3AFE1457DF23} = {B7F682DD-BC02-409B-951C-F2E62B5CC74F}
	EndGlobalSection
EndGlobal
